// !$*UTF8*$!
{
	archiveVersion = 1;
	classes = {
	};
	objectVersion = 56;
	objects = {

/* Begin PBXBuildFile section */
		3971D2422C0E104C00F3C561 /* AppDelegate.swift in Sources */ = {isa = PBXBuildFile; fileRef = 3971D2412C0E104C00F3C561 /* AppDelegate.swift */; };
		3971D2442C0E104C00F3C561 /* SceneDelegate.swift in Sources */ = {isa = PBXBuildFile; fileRef = 3971D2432C0E104C00F3C561 /* SceneDelegate.swift */; };
		3971D2462C0E104C00F3C561 /* MoviesListViewController.swift in Sources */ = {isa = PBXBuildFile; fileRef = 3971D2452C0E104C00F3C561 /* MoviesListViewController.swift */; };
		3971D24B2C0E104D00F3C561 /* Assets.xcassets in Resources */ = {isa = PBXBuildFile; fileRef = 3971D24A2C0E104D00F3C561 /* Assets.xcassets */; };
		3971D24E2C0E104D00F3C561 /* Base in Resources */ = {isa = PBXBuildFile; fileRef = 3971D24D2C0E104D00F3C561 /* Base */; };
		3971D2592C0E104D00F3C561 /* MoviesTests.swift in Sources */ = {isa = PBXBuildFile; fileRef = 3971D2582C0E104D00F3C561 /* MoviesTests.swift */; };
		3971D2632C0E104D00F3C561 /* MoviesUITests.swift in Sources */ = {isa = PBXBuildFile; fileRef = 3971D2622C0E104D00F3C561 /* MoviesUITests.swift */; };
		3971D2652C0E104D00F3C561 /* MoviesUITestsLaunchTests.swift in Sources */ = {isa = PBXBuildFile; fileRef = 3971D2642C0E104D00F3C561 /* MoviesUITestsLaunchTests.swift */; };
/* End PBXBuildFile section */

/* Begin PBXContainerItemProxy section */
		3971D2552C0E104D00F3C561 /* PBXContainerItemProxy */ = {
			isa = PBXContainerItemProxy;
			containerPortal = 3971D2362C0E104C00F3C561 /* Project object */;
			proxyType = 1;
			remoteGlobalIDString = 3971D23D2C0E104C00F3C561;
			remoteInfo = Movies;
		};
		3971D25F2C0E104D00F3C561 /* PBXContainerItemProxy */ = {
			isa = PBXContainerItemProxy;
			containerPortal = 3971D2362C0E104C00F3C561 /* Project object */;
			proxyType = 1;
			remoteGlobalIDString = 3971D23D2C0E104C00F3C561;
			remoteInfo = Movies;
		};
/* End PBXContainerItemProxy section */

/* Begin PBXFileReference section */
		3971D23E2C0E104C00F3C561 /* Movies.app */ = {isa = PBXFileReference; explicitFileType = wrapper.application; includeInIndex = 0; path = Movies.app; sourceTree = BUILT_PRODUCTS_DIR; };
		3971D2412C0E104C00F3C561 /* AppDelegate.swift */ = {isa = PBXFileReference; lastKnownFileType = sourcecode.swift; path = AppDelegate.swift; sourceTree = "<group>"; };
		3971D2432C0E104C00F3C561 /* SceneDelegate.swift */ = {isa = PBXFileReference; lastKnownFileType = sourcecode.swift; path = SceneDelegate.swift; sourceTree = "<group>"; };
		3971D2452C0E104C00F3C561 /* MoviesListViewController.swift */ = {isa = PBXFileReference; lastKnownFileType = sourcecode.swift; path = MoviesListViewController.swift; sourceTree = "<group>"; };
		3971D24A2C0E104D00F3C561 /* Assets.xcassets */ = {isa = PBXFileReference; lastKnownFileType = folder.assetcatalog; path = Assets.xcassets; sourceTree = "<group>"; };
		3971D24D2C0E104D00F3C561 /* Base */ = {isa = PBXFileReference; lastKnownFileType = file.storyboard; name = Base; path = Base.lproj/LaunchScreen.storyboard; sourceTree = "<group>"; };
		3971D24F2C0E104D00F3C561 /* Info.plist */ = {isa = PBXFileReference; lastKnownFileType = text.plist.xml; path = Info.plist; sourceTree = "<group>"; };
		3971D2542C0E104D00F3C561 /* MoviesTests.xctest */ = {isa = PBXFileReference; explicitFileType = wrapper.cfbundle; includeInIndex = 0; path = MoviesTests.xctest; sourceTree = BUILT_PRODUCTS_DIR; };
		3971D2582C0E104D00F3C561 /* MoviesTests.swift */ = {isa = PBXFileReference; lastKnownFileType = sourcecode.swift; path = MoviesTests.swift; sourceTree = "<group>"; };
		3971D25E2C0E104D00F3C561 /* MoviesUITests.xctest */ = {isa = PBXFileReference; explicitFileType = wrapper.cfbundle; includeInIndex = 0; path = MoviesUITests.xctest; sourceTree = BUILT_PRODUCTS_DIR; };
		3971D2622C0E104D00F3C561 /* MoviesUITests.swift */ = {isa = PBXFileReference; lastKnownFileType = sourcecode.swift; path = MoviesUITests.swift; sourceTree = "<group>"; };
		3971D2642C0E104D00F3C561 /* MoviesUITestsLaunchTests.swift */ = {isa = PBXFileReference; lastKnownFileType = sourcecode.swift; path = MoviesUITestsLaunchTests.swift; sourceTree = "<group>"; };
/* End PBXFileReference section */

/* Begin PBXFrameworksBuildPhase section */
		3971D23B2C0E104C00F3C561 /* Frameworks */ = {
			isa = PBXFrameworksBuildPhase;
			buildActionMask = 2147483647;
			files = (
			);
			runOnlyForDeploymentPostprocessing = 0;
		};
		3971D2512C0E104D00F3C561 /* Frameworks */ = {
			isa = PBXFrameworksBuildPhase;
			buildActionMask = 2147483647;
			files = (
			);
			runOnlyForDeploymentPostprocessing = 0;
		};
		3971D25B2C0E104D00F3C561 /* Frameworks */ = {
			isa = PBXFrameworksBuildPhase;
			buildActionMask = 2147483647;
			files = (
			);
			runOnlyForDeploymentPostprocessing = 0;
		};
/* End PBXFrameworksBuildPhase section */

/* Begin PBXGroup section */
		3971D2352C0E104C00F3C561 = {
			isa = PBXGroup;
			children = (
				3971D2402C0E104C00F3C561 /* Movies */,
				3971D2572C0E104D00F3C561 /* MoviesTests */,
				3971D2612C0E104D00F3C561 /* MoviesUITests */,
				3971D23F2C0E104C00F3C561 /* Products */,
			);
			sourceTree = "<group>";
		};
		3971D23F2C0E104C00F3C561 /* Products */ = {
			isa = PBXGroup;
			children = (
				3971D23E2C0E104C00F3C561 /* Movies.app */,
				3971D2542C0E104D00F3C561 /* MoviesTests.xctest */,
				3971D25E2C0E104D00F3C561 /* MoviesUITests.xctest */,
			);
			name = Products;
			sourceTree = "<group>";
		};
		3971D2402C0E104C00F3C561 /* Movies */ = {
			isa = PBXGroup;
			children = (
				3971D2782C0E148500F3C561 /* Resource */,
				3971D2772C0E147700F3C561 /* Service */,
				3971D2762C0E146F00F3C561 /* Launcher */,
				3971D2752C0E146700F3C561 /* ViewModel */,
				3971D2742C0E146300F3C561 /* View */,
				3971D2732C0E145C00F3C561 /* Model */,
				3971D24C2C0E104D00F3C561 /* LaunchScreen.storyboard */,
				3971D24F2C0E104D00F3C561 /* Info.plist */,
			);
			path = Movies;
			sourceTree = "<group>";
		};
		3971D2572C0E104D00F3C561 /* MoviesTests */ = {
			isa = PBXGroup;
			children = (
				3971D2582C0E104D00F3C561 /* MoviesTests.swift */,
			);
			path = MoviesTests;
			sourceTree = "<group>";
		};
		3971D2612C0E104D00F3C561 /* MoviesUITests */ = {
			isa = PBXGroup;
			children = (
				3971D2622C0E104D00F3C561 /* MoviesUITests.swift */,
				3971D2642C0E104D00F3C561 /* MoviesUITestsLaunchTests.swift */,
			);
			path = MoviesUITests;
			sourceTree = "<group>";
		};
		3971D2732C0E145C00F3C561 /* Model */ = {
			isa = PBXGroup;
			children = (
			);
			path = Model;
			sourceTree = "<group>";
		};
		3971D2742C0E146300F3C561 /* View */ = {
			isa = PBXGroup;
			children = (
				3971D2452C0E104C00F3C561 /* MoviesListViewController.swift */,
			);
			path = View;
			sourceTree = "<group>";
		};
		3971D2752C0E146700F3C561 /* ViewModel */ = {
			isa = PBXGroup;
			children = (
			);
			path = ViewModel;
			sourceTree = "<group>";
		};
		3971D2762C0E146F00F3C561 /* Launcher */ = {
			isa = PBXGroup;
			children = (
				3971D2412C0E104C00F3C561 /* AppDelegate.swift */,
				3971D2432C0E104C00F3C561 /* SceneDelegate.swift */,
			);
			path = Launcher;
			sourceTree = "<group>";
		};
		3971D2772C0E147700F3C561 /* Service */ = {
			isa = PBXGroup;
			children = (
			);
			path = Service;
			sourceTree = "<group>";
		};
		3971D2782C0E148500F3C561 /* Resource */ = {
			isa = PBXGroup;
			children = (
				3971D24A2C0E104D00F3C561 /* Assets.xcassets */,
			);
			path = Resource;
			sourceTree = "<group>";
		};
/* End PBXGroup section */

/* Begin PBXNativeTarget section */
		3971D23D2C0E104C00F3C561 /* Movies */ = {
			isa = PBXNativeTarget;
			buildConfigurationList = 3971D2682C0E104D00F3C561 /* Build configuration list for PBXNativeTarget "Movies" */;
			buildPhases = (
				3971D23A2C0E104C00F3C561 /* Sources */,
				3971D23B2C0E104C00F3C561 /* Frameworks */,
				3971D23C2C0E104C00F3C561 /* Resources */,
			);
			buildRules = (
			);
			dependencies = (
			);
			name = Movies;
			productName = Movies;
			productReference = 3971D23E2C0E104C00F3C561 /* Movies.app */;
			productType = "com.apple.product-type.application";
		};
		3971D2532C0E104D00F3C561 /* MoviesTests */ = {
			isa = PBXNativeTarget;
			buildConfigurationList = 3971D26B2C0E104D00F3C561 /* Build configuration list for PBXNativeTarget "MoviesTests" */;
			buildPhases = (
				3971D2502C0E104D00F3C561 /* Sources */,
				3971D2512C0E104D00F3C561 /* Frameworks */,
				3971D2522C0E104D00F3C561 /* Resources */,
			);
			buildRules = (
			);
			dependencies = (
				3971D2562C0E104D00F3C561 /* PBXTargetDependency */,
			);
			name = MoviesTests;
			productName = MoviesTests;
			productReference = 3971D2542C0E104D00F3C561 /* MoviesTests.xctest */;
			productType = "com.apple.product-type.bundle.unit-test";
		};
		3971D25D2C0E104D00F3C561 /* MoviesUITests */ = {
			isa = PBXNativeTarget;
			buildConfigurationList = 3971D26E2C0E104D00F3C561 /* Build configuration list for PBXNativeTarget "MoviesUITests" */;
			buildPhases = (
				3971D25A2C0E104D00F3C561 /* Sources */,
				3971D25B2C0E104D00F3C561 /* Frameworks */,
				3971D25C2C0E104D00F3C561 /* Resources */,
			);
			buildRules = (
			);
			dependencies = (
				3971D2602C0E104D00F3C561 /* PBXTargetDependency */,
			);
			name = MoviesUITests;
			productName = MoviesUITests;
			productReference = 3971D25E2C0E104D00F3C561 /* MoviesUITests.xctest */;
			productType = "com.apple.product-type.bundle.ui-testing";
		};
/* End PBXNativeTarget section */

/* Begin PBXProject section */
		3971D2362C0E104C00F3C561 /* Project object */ = {
			isa = PBXProject;
			attributes = {
				BuildIndependentTargetsInParallel = 1;
				LastSwiftUpdateCheck = 1540;
				LastUpgradeCheck = 1540;
				TargetAttributes = {
					3971D23D2C0E104C00F3C561 = {
						CreatedOnToolsVersion = 15.4;
					};
					3971D2532C0E104D00F3C561 = {
						CreatedOnToolsVersion = 15.4;
						TestTargetID = 3971D23D2C0E104C00F3C561;
					};
					3971D25D2C0E104D00F3C561 = {
						CreatedOnToolsVersion = 15.4;
						TestTargetID = 3971D23D2C0E104C00F3C561;
					};
				};
			};
			buildConfigurationList = 3971D2392C0E104C00F3C561 /* Build configuration list for PBXProject "Movies" */;
			compatibilityVersion = "Xcode 14.0";
			developmentRegion = en;
			hasScannedForEncodings = 0;
			knownRegions = (
				en,
				Base,
			);
			mainGroup = 3971D2352C0E104C00F3C561;
			productRefGroup = 3971D23F2C0E104C00F3C561 /* Products */;
			projectDirPath = "";
			projectRoot = "";
			targets = (
				3971D23D2C0E104C00F3C561 /* Movies */,
				3971D2532C0E104D00F3C561 /* MoviesTests */,
				3971D25D2C0E104D00F3C561 /* MoviesUITests */,
			);
		};
/* End PBXProject section */

/* Begin PBXResourcesBuildPhase section */
		3971D23C2C0E104C00F3C561 /* Resources */ = {
			isa = PBXResourcesBuildPhase;
			buildActionMask = 2147483647;
			files = (
				3971D24B2C0E104D00F3C561 /* Assets.xcassets in Resources */,
				3971D24E2C0E104D00F3C561 /* Base in Resources */,
			);
			runOnlyForDeploymentPostprocessing = 0;
		};
		3971D2522C0E104D00F3C561 /* Resources */ = {
			isa = PBXResourcesBuildPhase;
			buildActionMask = 2147483647;
			files = (
			);
			runOnlyForDeploymentPostprocessing = 0;
		};
		3971D25C2C0E104D00F3C561 /* Resources */ = {
			isa = PBXResourcesBuildPhase;
			buildActionMask = 2147483647;
			files = (
			);
			runOnlyForDeploymentPostprocessing = 0;
		};
/* End PBXResourcesBuildPhase section */

/* Begin PBXSourcesBuildPhase section */
		3971D23A2C0E104C00F3C561 /* Sources */ = {
			isa = PBXSourcesBuildPhase;
			buildActionMask = 2147483647;
			files = (
				3971D2462C0E104C00F3C561 /* MoviesListViewController.swift in Sources */,
				3971D2422C0E104C00F3C561 /* AppDelegate.swift in Sources */,
				3971D2442C0E104C00F3C561 /* SceneDelegate.swift in Sources */,
			);
			runOnlyForDeploymentPostprocessing = 0;
		};
		3971D2502C0E104D00F3C561 /* Sources */ = {
			isa = PBXSourcesBuildPhase;
			buildActionMask = 2147483647;
			files = (
				3971D2592C0E104D00F3C561 /* MoviesTests.swift in Sources */,
			);
			runOnlyForDeploymentPostprocessing = 0;
		};
		3971D25A2C0E104D00F3C561 /* Sources */ = {
			isa = PBXSourcesBuildPhase;
			buildActionMask = 2147483647;
			files = (
				3971D2632C0E104D00F3C561 /* MoviesUITests.swift in Sources */,
				3971D2652C0E104D00F3C561 /* MoviesUITestsLaunchTests.swift in Sources */,
			);
			runOnlyForDeploymentPostprocessing = 0;
		};
/* End PBXSourcesBuildPhase section */

/* Begin PBXTargetDependency section */
		3971D2562C0E104D00F3C561 /* PBXTargetDependency */ = {
			isa = PBXTargetDependency;
			target = 3971D23D2C0E104C00F3C561 /* Movies */;
			targetProxy = 3971D2552C0E104D00F3C561 /* PBXContainerItemProxy */;
		};
		3971D2602C0E104D00F3C561 /* PBXTargetDependency */ = {
			isa = PBXTargetDependency;
			target = 3971D23D2C0E104C00F3C561 /* Movies */;
			targetProxy = 3971D25F2C0E104D00F3C561 /* PBXContainerItemProxy */;
		};
/* End PBXTargetDependency section */

/* Begin PBXVariantGroup section */
		3971D24C2C0E104D00F3C561 /* LaunchScreen.storyboard */ = {
			isa = PBXVariantGroup;
			children = (
				3971D24D2C0E104D00F3C561 /* Base */,
			);
			name = LaunchScreen.storyboard;
			sourceTree = "<group>";
		};
/* End PBXVariantGroup section */

/* Begin XCBuildConfiguration section */
		3971D2662C0E104D00F3C561 /* Debug */ = {
			isa = XCBuildConfiguration;
			buildSettings = {
				ALWAYS_SEARCH_USER_PATHS = NO;
				ASSETCATALOG_COMPILER_GENERATE_SWIFT_ASSET_SYMBOL_EXTENSIONS = YES;
				CLANG_ANALYZER_NONNULL = YES;
				CLANG_ANALYZER_NUMBER_OBJECT_CONVERSION = YES_AGGRESSIVE;
				CLANG_CXX_LANGUAGE_STANDARD = "gnu++20";
				CLANG_ENABLE_MODULES = YES;
				CLANG_ENABLE_OBJC_ARC = YES;
				CLANG_ENABLE_OBJC_WEAK = YES;
				CLANG_WARN_BLOCK_CAPTURE_AUTORELEASING = YES;
				CLANG_WARN_BOOL_CONVERSION = YES;
				CLANG_WARN_COMMA = YES;
				CLANG_WARN_CONSTANT_CONVERSION = YES;
				CLANG_WARN_DEPRECATED_OBJC_IMPLEMENTATIONS = YES;
				CLANG_WARN_DIRECT_OBJC_ISA_USAGE = YES_ERROR;
				CLANG_WARN_DOCUMENTATION_COMMENTS = YES;
				CLANG_WARN_EMPTY_BODY = YES;
				CLANG_WARN_ENUM_CONVERSION = YES;
				CLANG_WARN_INFINITE_RECURSION = YES;
				CLANG_WARN_INT_CONVERSION = YES;
				CLANG_WARN_NON_LITERAL_NULL_CONVERSION = YES;
				CLANG_WARN_OBJC_IMPLICIT_RETAIN_SELF = YES;
				CLANG_WARN_OBJC_LITERAL_CONVERSION = YES;
				CLANG_WARN_OBJC_ROOT_CLASS = YES_ERROR;
				CLANG_WARN_QUOTED_INCLUDE_IN_FRAMEWORK_HEADER = YES;
				CLANG_WARN_RANGE_LOOP_ANALYSIS = YES;
				CLANG_WARN_STRICT_PROTOTYPES = YES;
				CLANG_WARN_SUSPICIOUS_MOVE = YES;
				CLANG_WARN_UNGUARDED_AVAILABILITY = YES_AGGRESSIVE;
				CLANG_WARN_UNREACHABLE_CODE = YES;
				CLANG_WARN__DUPLICATE_METHOD_MATCH = YES;
				COPY_PHASE_STRIP = NO;
				DEBUG_INFORMATION_FORMAT = dwarf;
				ENABLE_STRICT_OBJC_MSGSEND = YES;
				ENABLE_TESTABILITY = YES;
				ENABLE_USER_SCRIPT_SANDBOXING = YES;
				GCC_C_LANGUAGE_STANDARD = gnu17;
				GCC_DYNAMIC_NO_PIC = NO;
				GCC_NO_COMMON_BLOCKS = YES;
				GCC_OPTIMIZATION_LEVEL = 0;
				GCC_PREPROCESSOR_DEFINITIONS = (
					"DEBUG=1",
					"$(inherited)",
				);
				GCC_WARN_64_TO_32_BIT_CONVERSION = YES;
				GCC_WARN_ABOUT_RETURN_TYPE = YES_ERROR;
				GCC_WARN_UNDECLARED_SELECTOR = YES;
				GCC_WARN_UNINITIALIZED_AUTOS = YES_AGGRESSIVE;
				GCC_WARN_UNUSED_FUNCTION = YES;
				GCC_WARN_UNUSED_VARIABLE = YES;
				IPHONEOS_DEPLOYMENT_TARGET = 17.5;
				LOCALIZATION_PREFERS_STRING_CATALOGS = YES;
				MTL_ENABLE_DEBUG_INFO = INCLUDE_SOURCE;
				MTL_FAST_MATH = YES;
				ONLY_ACTIVE_ARCH = YES;
				SDKROOT = iphoneos;
				SWIFT_ACTIVE_COMPILATION_CONDITIONS = "DEBUG $(inherited)";
				SWIFT_OPTIMIZATION_LEVEL = "-Onone";
			};
			name = Debug;
		};
		3971D2672C0E104D00F3C561 /* Release */ = {
			isa = XCBuildConfiguration;
			buildSettings = {
				ALWAYS_SEARCH_USER_PATHS = NO;
				ASSETCATALOG_COMPILER_GENERATE_SWIFT_ASSET_SYMBOL_EXTENSIONS = YES;
				CLANG_ANALYZER_NONNULL = YES;
				CLANG_ANALYZER_NUMBER_OBJECT_CONVERSION = YES_AGGRESSIVE;
				CLANG_CXX_LANGUAGE_STANDARD = "gnu++20";
				CLANG_ENABLE_MODULES = YES;
				CLANG_ENABLE_OBJC_ARC = YES;
				CLANG_ENABLE_OBJC_WEAK = YES;
				CLANG_WARN_BLOCK_CAPTURE_AUTORELEASING = YES;
				CLANG_WARN_BOOL_CONVERSION = YES;
				CLANG_WARN_COMMA = YES;
				CLANG_WARN_CONSTANT_CONVERSION = YES;
				CLANG_WARN_DEPRECATED_OBJC_IMPLEMENTATIONS = YES;
				CLANG_WARN_DIRECT_OBJC_ISA_USAGE = YES_ERROR;
				CLANG_WARN_DOCUMENTATION_COMMENTS = YES;
				CLANG_WARN_EMPTY_BODY = YES;
				CLANG_WARN_ENUM_CONVERSION = YES;
				CLANG_WARN_INFINITE_RECURSION = YES;
				CLANG_WARN_INT_CONVERSION = YES;
				CLANG_WARN_NON_LITERAL_NULL_CONVERSION = YES;
				CLANG_WARN_OBJC_IMPLICIT_RETAIN_SELF = YES;
				CLANG_WARN_OBJC_LITERAL_CONVERSION = YES;
				CLANG_WARN_OBJC_ROOT_CLASS = YES_ERROR;
				CLANG_WARN_QUOTED_INCLUDE_IN_FRAMEWORK_HEADER = YES;
				CLANG_WARN_RANGE_LOOP_ANALYSIS = YES;
				CLANG_WARN_STRICT_PROTOTYPES = YES;
				CLANG_WARN_SUSPICIOUS_MOVE = YES;
				CLANG_WARN_UNGUARDED_AVAILABILITY = YES_AGGRESSIVE;
				CLANG_WARN_UNREACHABLE_CODE = YES;
				CLANG_WARN__DUPLICATE_METHOD_MATCH = YES;
				COPY_PHASE_STRIP = NO;
				DEBUG_INFORMATION_FORMAT = "dwarf-with-dsym";
				ENABLE_NS_ASSERTIONS = NO;
				ENABLE_STRICT_OBJC_MSGSEND = YES;
				ENABLE_USER_SCRIPT_SANDBOXING = YES;
				GCC_C_LANGUAGE_STANDARD = gnu17;
				GCC_NO_COMMON_BLOCKS = YES;
				GCC_WARN_64_TO_32_BIT_CONVERSION = YES;
				GCC_WARN_ABOUT_RETURN_TYPE = YES_ERROR;
				GCC_WARN_UNDECLARED_SELECTOR = YES;
				GCC_WARN_UNINITIALIZED_AUTOS = YES_AGGRESSIVE;
				GCC_WARN_UNUSED_FUNCTION = YES;
				GCC_WARN_UNUSED_VARIABLE = YES;
				IPHONEOS_DEPLOYMENT_TARGET = 17.5;
				LOCALIZATION_PREFERS_STRING_CATALOGS = YES;
				MTL_ENABLE_DEBUG_INFO = NO;
				MTL_FAST_MATH = YES;
				SDKROOT = iphoneos;
				SWIFT_COMPILATION_MODE = wholemodule;
				VALIDATE_PRODUCT = YES;
			};
			name = Release;
		};
		3971D2692C0E104D00F3C561 /* Debug */ = {
			isa = XCBuildConfiguration;
			buildSettings = {
				ASSETCATALOG_COMPILER_APPICON_NAME = AppIcon;
				ASSETCATALOG_COMPILER_GLOBAL_ACCENT_COLOR_NAME = AccentColor;
				CODE_SIGN_STYLE = Automatic;
				CURRENT_PROJECT_VERSION = 1;
				GENERATE_INFOPLIST_FILE = YES;
				INFOPLIST_FILE = Movies/Info.plist;
				INFOPLIST_KEY_UIApplicationSupportsIndirectInputEvents = YES;
				INFOPLIST_KEY_UILaunchStoryboardName = LaunchScreen;
				INFOPLIST_KEY_UISupportedInterfaceOrientations_iPad = "UIInterfaceOrientationPortrait UIInterfaceOrientationPortraitUpsideDown UIInterfaceOrientationLandscapeLeft UIInterfaceOrientationLandscapeRight";
				INFOPLIST_KEY_UISupportedInterfaceOrientations_iPhone = "UIInterfaceOrientationPortrait UIInterfaceOrientationLandscapeLeft UIInterfaceOrientationLandscapeRight";
				LD_RUNPATH_SEARCH_PATHS = (
					"$(inherited)",
					"@executable_path/Frameworks",
				);
				MARKETING_VERSION = 1.0;
				PRODUCT_BUNDLE_IDENTIFIER = pierpaolo.mariani.Movies;
				PRODUCT_NAME = "$(TARGET_NAME)";
				SWIFT_EMIT_LOC_STRINGS = YES;
				SWIFT_VERSION = 5.0;
				TARGETED_DEVICE_FAMILY = "1,2";
			};
			name = Debug;
		};
		3971D26A2C0E104D00F3C561 /* Release */ = {
			isa = XCBuildConfiguration;
			buildSettings = {
				ASSETCATALOG_COMPILER_APPICON_NAME = AppIcon;
				ASSETCATALOG_COMPILER_GLOBAL_ACCENT_COLOR_NAME = AccentColor;
				CODE_SIGN_STYLE = Automatic;
				CURRENT_PROJECT_VERSION = 1;
				GENERATE_INFOPLIST_FILE = YES;
				INFOPLIST_FILE = Movies/Info.plist;
				INFOPLIST_KEY_UIApplicationSupportsIndirectInputEvents = YES;
				INFOPLIST_KEY_UILaunchStoryboardName = LaunchScreen;
				INFOPLIST_KEY_UISupportedInterfaceOrientations_iPad = "UIInterfaceOrientationPortrait UIInterfaceOrientationPortraitUpsideDown UIInterfaceOrientationLandscapeLeft UIInterfaceOrientationLandscapeRight";
				INFOPLIST_KEY_UISupportedInterfaceOrientations_iPhone = "UIInterfaceOrientationPortrait UIInterfaceOrientationLandscapeLeft UIInterfaceOrientationLandscapeRight";
				LD_RUNPATH_SEARCH_PATHS = (
					"$(inherited)",
					"@executable_path/Frameworks",
				);
				MARKETING_VERSION = 1.0;
				PRODUCT_BUNDLE_IDENTIFIER = pierpaolo.mariani.Movies;
				PRODUCT_NAME = "$(TARGET_NAME)";
				SWIFT_EMIT_LOC_STRINGS = YES;
				SWIFT_VERSION = 5.0;
				TARGETED_DEVICE_FAMILY = "1,2";
			};
			name = Release;
		};
		3971D26C2C0E104D00F3C561 /* Debug */ = {
			isa = XCBuildConfiguration;
			buildSettings = {
				ALWAYS_EMBED_SWIFT_STANDARD_LIBRARIES = YES;
				BUNDLE_LOADER = "$(TEST_HOST)";
				CODE_SIGN_STYLE = Automatic;
				CURRENT_PROJECT_VERSION = 1;
				GENERATE_INFOPLIST_FILE = YES;
				IPHONEOS_DEPLOYMENT_TARGET = 17.5;
				MARKETING_VERSION = 1.0;
				PRODUCT_BUNDLE_IDENTIFIER = pierpaolo.mariani.MoviesTests;
				PRODUCT_NAME = "$(TARGET_NAME)";
				SWIFT_EMIT_LOC_STRINGS = NO;
				SWIFT_VERSION = 5.0;
				TARGETED_DEVICE_FAMILY = "1,2";
				TEST_HOST = "$(BUILT_PRODUCTS_DIR)/Movies.app/$(BUNDLE_EXECUTABLE_FOLDER_PATH)/Movies";
			};
			name = Debug;
		};
		3971D26D2C0E104D00F3C561 /* Release */ = {
			isa = XCBuildConfiguration;
			buildSettings = {
				ALWAYS_EMBED_SWIFT_STANDARD_LIBRARIES = YES;
				BUNDLE_LOADER = "$(TEST_HOST)";
				CODE_SIGN_STYLE = Automatic;
				CURRENT_PROJECT_VERSION = 1;
				GENERATE_INFOPLIST_FILE = YES;
				IPHONEOS_DEPLOYMENT_TARGET = 17.5;
				MARKETING_VERSION = 1.0;
				PRODUCT_BUNDLE_IDENTIFIER = pierpaolo.mariani.MoviesTests;
				PRODUCT_NAME = "$(TARGET_NAME)";
				SWIFT_EMIT_LOC_STRINGS = NO;
				SWIFT_VERSION = 5.0;
				TARGETED_DEVICE_FAMILY = "1,2";
				TEST_HOST = "$(BUILT_PRODUCTS_DIR)/Movies.app/$(BUNDLE_EXECUTABLE_FOLDER_PATH)/Movies";
			};
			name = Release;
		};
		3971D26F2C0E104D00F3C561 /* Debug */ = {
			isa = XCBuildConfiguration;
			buildSettings = {
				ALWAYS_EMBED_SWIFT_STANDARD_LIBRARIES = YES;
				CODE_SIGN_STYLE = Automatic;
				CURRENT_PROJECT_VERSION = 1;
				GENERATE_INFOPLIST_FILE = YES;
				MARKETING_VERSION = 1.0;
				PRODUCT_BUNDLE_IDENTIFIER = pierpaolo.mariani.MoviesUITests;
				PRODUCT_NAME = "$(TARGET_NAME)";
				SWIFT_EMIT_LOC_STRINGS = NO;
				SWIFT_VERSION = 5.0;
				TARGETED_DEVICE_FAMILY = "1,2";
				TEST_TARGET_NAME = Movies;
			};
			name = Debug;
		};
		3971D2702C0E104D00F3C561 /* Release */ = {
			isa = XCBuildConfiguration;
			buildSettings = {
				ALWAYS_EMBED_SWIFT_STANDARD_LIBRARIES = YES;
				CODE_SIGN_STYLE = Automatic;
				CURRENT_PROJECT_VERSION = 1;
				GENERATE_INFOPLIST_FILE = YES;
				MARKETING_VERSION = 1.0;
				PRODUCT_BUNDLE_IDENTIFIER = pierpaolo.mariani.MoviesUITests;
				PRODUCT_NAME = "$(TARGET_NAME)";
				SWIFT_EMIT_LOC_STRINGS = NO;
				SWIFT_VERSION = 5.0;
				TARGETED_DEVICE_FAMILY = "1,2";
				TEST_TARGET_NAME = Movies;
			};
			name = Release;
		};
/* End XCBuildConfiguration section */

/* Begin XCConfigurationList section */
		3971D2392C0E104C00F3C561 /* Build configuration list for PBXProject "Movies" */ = {
			isa = XCConfigurationList;
			buildConfigurations = (
				3971D2662C0E104D00F3C561 /* Debug */,
				3971D2672C0E104D00F3C561 /* Release */,
			);
			defaultConfigurationIsVisible = 0;
			defaultConfigurationName = Release;
		};
		3971D2682C0E104D00F3C561 /* Build configuration list for PBXNativeTarget "Movies" */ = {
			isa = XCConfigurationList;
			buildConfigurations = (
				3971D2692C0E104D00F3C561 /* Debug */,
				3971D26A2C0E104D00F3C561 /* Release */,
			);
			defaultConfigurationIsVisible = 0;
			defaultConfigurationName = Release;
		};
		3971D26B2C0E104D00F3C561 /* Build configuration list for PBXNativeTarget "MoviesTests" */ = {
			isa = XCConfigurationList;
			buildConfigurations = (
				3971D26C2C0E104D00F3C561 /* Debug */,
				3971D26D2C0E104D00F3C561 /* Release */,
			);
			defaultConfigurationIsVisible = 0;
			defaultConfigurationName = Release;
		};
		3971D26E2C0E104D00F3C561 /* Build configuration list for PBXNativeTarget "MoviesUITests" */ = {
			isa = XCConfigurationList;
			buildConfigurations = (
				3971D26F2C0E104D00F3C561 /* Debug */,
				3971D2702C0E104D00F3C561 /* Release */,
			);
			defaultConfigurationIsVisible = 0;
			defaultConfigurationName = Release;
		};
/* End XCConfigurationList section */
	};
	rootObject = 3971D2362C0E104C00F3C561 /* Project object */;
}
